// !$*UTF8*$!
{
	archiveVersion = 1;
	classes = {
	};
	objectVersion = 46;
	objects = {

/* Begin PBXBuildFile section */
		FAA76C6A1EADF5DD00ACD5A1 /* AppDelegate.swift in Sources */ = {isa = PBXBuildFile; fileRef = FAA76C691EADF5DD00ACD5A1 /* AppDelegate.swift */; };
		FAA76C6F1EADF5DD00ACD5A1 /* Main.storyboard in Resources */ = {isa = PBXBuildFile; fileRef = FAA76C6D1EADF5DD00ACD5A1 /* Main.storyboard */; };
		FAA76C711EADF5DD00ACD5A1 /* Assets.xcassets in Resources */ = {isa = PBXBuildFile; fileRef = FAA76C701EADF5DD00ACD5A1 /* Assets.xcassets */; };
		FAA76C741EADF5DD00ACD5A1 /* LaunchScreen.storyboard in Resources */ = {isa = PBXBuildFile; fileRef = FAA76C721EADF5DD00ACD5A1 /* LaunchScreen.storyboard */; };
		FAA76C7F1EADF62100ACD5A1 /* libstdc++.tbd in Frameworks */ = {isa = PBXBuildFile; fileRef = FAA76C7E1EADF62100ACD5A1 /* libstdc++.tbd */; };
		FAA76C811EADF62A00ACD5A1 /* libsqlite3.tbd in Frameworks */ = {isa = PBXBuildFile; fileRef = FAA76C801EADF62A00ACD5A1 /* libsqlite3.tbd */; };
		FAA76C851EADF65B00ACD5A1 /* CTViewController.swift in Sources */ = {isa = PBXBuildFile; fileRef = FAA76C841EADF65B00ACD5A1 /* CTViewController.swift */; };
		FAC558791EAF16AA0045C109 /* CoineyKitResources.bundle in Resources */ = {isa = PBXBuildFile; fileRef = FAC558781EAF16AA0045C109 /* CoineyKitResources.bundle */; };
		FAC5587B1EAF16B50045C109 /* CoineyKit.framework in Frameworks */ = {isa = PBXBuildFile; fileRef = FAC5587A1EAF16B50045C109 /* CoineyKit.framework */; };
		FAC558811EAF1D4A0045C109 /* CoineyKit.xcconfig in Resources */ = {isa = PBXBuildFile; fileRef = FAC558801EAF1D4A0045C109 /* CoineyKit.xcconfig */; };
/* End PBXBuildFile section */

/* Begin PBXFileReference section */
		FAA76C661EADF5DD00ACD5A1 /* Coiney Test.app */ = {isa = PBXFileReference; explicitFileType = wrapper.application; includeInIndex = 0; path = "Coiney Test.app"; sourceTree = BUILT_PRODUCTS_DIR; };
		FAA76C691EADF5DD00ACD5A1 /* AppDelegate.swift */ = {isa = PBXFileReference; lastKnownFileType = sourcecode.swift; path = AppDelegate.swift; sourceTree = "<group>"; };
		FAA76C6E1EADF5DD00ACD5A1 /* Base */ = {isa = PBXFileReference; lastKnownFileType = file.storyboard; name = Base; path = Base.lproj/Main.storyboard; sourceTree = "<group>"; };
		FAA76C701EADF5DD00ACD5A1 /* Assets.xcassets */ = {isa = PBXFileReference; lastKnownFileType = folder.assetcatalog; path = Assets.xcassets; sourceTree = "<group>"; };
		FAA76C731EADF5DD00ACD5A1 /* Base */ = {isa = PBXFileReference; lastKnownFileType = file.storyboard; name = Base; path = Base.lproj/LaunchScreen.storyboard; sourceTree = "<group>"; };
		FAA76C751EADF5DD00ACD5A1 /* Info.plist */ = {isa = PBXFileReference; lastKnownFileType = text.plist.xml; path = Info.plist; sourceTree = "<group>"; };
		FAA76C7E1EADF62100ACD5A1 /* libstdc++.tbd */ = {isa = PBXFileReference; lastKnownFileType = "sourcecode.text-based-dylib-definition"; name = "libstdc++.tbd"; path = "usr/lib/libstdc++.tbd"; sourceTree = SDKROOT; };
		FAA76C801EADF62A00ACD5A1 /* libsqlite3.tbd */ = {isa = PBXFileReference; lastKnownFileType = "sourcecode.text-based-dylib-definition"; name = libsqlite3.tbd; path = usr/lib/libsqlite3.tbd; sourceTree = SDKROOT; };
		FAA76C841EADF65B00ACD5A1 /* CTViewController.swift */ = {isa = PBXFileReference; fileEncoding = 4; lastKnownFileType = sourcecode.swift; path = CTViewController.swift; sourceTree = "<group>"; };
		FAC558781EAF16AA0045C109 /* CoineyKitResources.bundle */ = {isa = PBXFileReference; lastKnownFileType = "wrapper.plug-in"; name = CoineyKitResources.bundle; path = ../../../CoineyKit/CoineyKitResources.bundle; sourceTree = "<group>"; };
		FAC5587A1EAF16B50045C109 /* CoineyKit.framework */ = {isa = PBXFileReference; lastKnownFileType = wrapper.framework; name = CoineyKit.framework; path = ../../CoineyKit/CoineyKit.framework; sourceTree = "<group>"; };
		FAC558801EAF1D4A0045C109 /* CoineyKit.xcconfig */ = {isa = PBXFileReference; fileEncoding = 4; lastKnownFileType = text.xcconfig; name = CoineyKit.xcconfig; path = ../../../CoineyKit/CoineyKit.xcconfig; sourceTree = "<group>"; };
/* End PBXFileReference section */

/* Begin PBXFrameworksBuildPhase section */
		FAA76C631EADF5DD00ACD5A1 /* Frameworks */ = {
			isa = PBXFrameworksBuildPhase;
			buildActionMask = 2147483647;
			files = (
				FAA76C811EADF62A00ACD5A1 /* libsqlite3.tbd in Frameworks */,
				FAA76C7F1EADF62100ACD5A1 /* libstdc++.tbd in Frameworks */,
				FAC5587B1EAF16B50045C109 /* CoineyKit.framework in Frameworks */,
			);
			runOnlyForDeploymentPostprocessing = 0;
		};
/* End PBXFrameworksBuildPhase section */

/* Begin PBXGroup section */
		FAA76C5D1EADF5DD00ACD5A1 = {
			isa = PBXGroup;
			children = (
				FAA76C681EADF5DD00ACD5A1 /* Coiney Test */,
				FAA76C671EADF5DD00ACD5A1 /* Products */,
				FAA76C7B1EADF61500ACD5A1 /* Frameworks */,
			);
			sourceTree = "<group>";
		};
		FAA76C671EADF5DD00ACD5A1 /* Products */ = {
			isa = PBXGroup;
			children = (
				FAA76C661EADF5DD00ACD5A1 /* Coiney Test.app */,
			);
			name = Products;
			sourceTree = "<group>";
		};
		FAA76C681EADF5DD00ACD5A1 /* Coiney Test */ = {
			isa = PBXGroup;
			children = (
				FAA76C691EADF5DD00ACD5A1 /* AppDelegate.swift */,
				FAA76C841EADF65B00ACD5A1 /* CTViewController.swift */,
				FAA76C701EADF5DD00ACD5A1 /* Assets.xcassets */,
				FAC558781EAF16AA0045C109 /* CoineyKitResources.bundle */,
				FAA76C9D1EADFF4600ACD5A1 /* Supporting Files */,
			);
			path = "Coiney Test";
			sourceTree = "<group>";
		};
		FAA76C7B1EADF61500ACD5A1 /* Frameworks */ = {
			isa = PBXGroup;
			children = (
				FAC5587A1EAF16B50045C109 /* CoineyKit.framework */,
				FAA76C801EADF62A00ACD5A1 /* libsqlite3.tbd */,
				FAA76C7E1EADF62100ACD5A1 /* libstdc++.tbd */,
			);
			name = Frameworks;
			sourceTree = "<group>";
		};
		FAA76C9D1EADFF4600ACD5A1 /* Supporting Files */ = {
			isa = PBXGroup;
			children = (
				FAC558801EAF1D4A0045C109 /* CoineyKit.xcconfig */,
				FAA76C6D1EADF5DD00ACD5A1 /* Main.storyboard */,
				FAA76C721EADF5DD00ACD5A1 /* LaunchScreen.storyboard */,
				FAA76C751EADF5DD00ACD5A1 /* Info.plist */,
			);
			name = "Supporting Files";
			sourceTree = "<group>";
		};
/* End PBXGroup section */

/* Begin PBXNativeTarget section */
		FAA76C651EADF5DD00ACD5A1 /* Coiney Test */ = {
			isa = PBXNativeTarget;
			buildConfigurationList = FAA76C781EADF5DD00ACD5A1 /* Build configuration list for PBXNativeTarget "Coiney Test" */;
			buildPhases = (
				FAA76C621EADF5DD00ACD5A1 /* Sources */,
				FAA76C631EADF5DD00ACD5A1 /* Frameworks */,
				FAA76C641EADF5DD00ACD5A1 /* Resources */,
			);
			buildRules = (
			);
			dependencies = (
			);
			name = "Coiney Test";
			productName = "Coiney Test";
			productReference = FAA76C661EADF5DD00ACD5A1 /* Coiney Test.app */;
			productType = "com.apple.product-type.application";
		};
/* End PBXNativeTarget section */

/* Begin PBXProject section */
		FAA76C5E1EADF5DD00ACD5A1 /* Project object */ = {
			isa = PBXProject;
			attributes = {
				LastSwiftUpdateCheck = 0830;
				LastUpgradeCheck = 0830;
				ORGANIZATIONNAME = Coiney;
				TargetAttributes = {
					FAA76C651EADF5DD00ACD5A1 = {
						CreatedOnToolsVersion = 8.3.1;
						LastSwiftMigration = 0830;
						ProvisioningStyle = Automatic;
					};
				};
			};
			buildConfigurationList = FAA76C611EADF5DD00ACD5A1 /* Build configuration list for PBXProject "Coiney Test" */;
			compatibilityVersion = "Xcode 3.2";
			developmentRegion = English;
			hasScannedForEncodings = 0;
			knownRegions = (
				en,
				Base,
			);
			mainGroup = FAA76C5D1EADF5DD00ACD5A1;
			productRefGroup = FAA76C671EADF5DD00ACD5A1 /* Products */;
			projectDirPath = "";
			projectRoot = "";
			targets = (
				FAA76C651EADF5DD00ACD5A1 /* Coiney Test */,
			);
		};
/* End PBXProject section */

/* Begin PBXResourcesBuildPhase section */
		FAA76C641EADF5DD00ACD5A1 /* Resources */ = {
			isa = PBXResourcesBuildPhase;
			buildActionMask = 2147483647;
			files = (
				FAC558811EAF1D4A0045C109 /* CoineyKit.xcconfig in Resources */,
				FAA76C741EADF5DD00ACD5A1 /* LaunchScreen.storyboard in Resources */,
				FAA76C711EADF5DD00ACD5A1 /* Assets.xcassets in Resources */,
				FAA76C6F1EADF5DD00ACD5A1 /* Main.storyboard in Resources */,
				FAC558791EAF16AA0045C109 /* CoineyKitResources.bundle in Resources */,
			);
			runOnlyForDeploymentPostprocessing = 0;
		};
/* End PBXResourcesBuildPhase section */

/* Begin PBXSourcesBuildPhase section */
		FAA76C621EADF5DD00ACD5A1 /* Sources */ = {
			isa = PBXSourcesBuildPhase;
			buildActionMask = 2147483647;
			files = (
				FAA76C6A1EADF5DD00ACD5A1 /* AppDelegate.swift in Sources */,
				FAA76C851EADF65B00ACD5A1 /* CTViewController.swift in Sources */,
			);
			runOnlyForDeploymentPostprocessing = 0;
		};
/* End PBXSourcesBuildPhase section */

/* Begin PBXVariantGroup section */
		FAA76C6D1EADF5DD00ACD5A1 /* Main.storyboard */ = {
			isa = PBXVariantGroup;
			children = (
				FAA76C6E1EADF5DD00ACD5A1 /* Base */,
			);
			name = Main.storyboard;
			sourceTree = "<group>";
		};
		FAA76C721EADF5DD00ACD5A1 /* LaunchScreen.storyboard */ = {
			isa = PBXVariantGroup;
			children = (
				FAA76C731EADF5DD00ACD5A1 /* Base */,
			);
			name = LaunchScreen.storyboard;
			sourceTree = "<group>";
		};
/* End PBXVariantGroup section */

/* Begin XCBuildConfiguration section */
		FAA76C761EADF5DD00ACD5A1 /* Debug */ = {
			isa = XCBuildConfiguration;
			baseConfigurationReference = FAC558801EAF1D4A0045C109 /* CoineyKit.xcconfig */;
			buildSettings = {
				ALWAYS_SEARCH_USER_PATHS = NO;
				CLANG_ANALYZER_NONNULL = YES;
				CLANG_ANALYZER_NUMBER_OBJECT_CONVERSION = YES_AGGRESSIVE;
				CLANG_CXX_LANGUAGE_STANDARD = "gnu++0x";
				CLANG_CXX_LIBRARY = "libc++";
				CLANG_ENABLE_MODULES = YES;
				CLANG_ENABLE_OBJC_ARC = YES;
				CLANG_WARN_BOOL_CONVERSION = YES;
				CLANG_WARN_CONSTANT_CONVERSION = YES;
				CLANG_WARN_DIRECT_OBJC_ISA_USAGE = YES_ERROR;
				CLANG_WARN_DOCUMENTATION_COMMENTS = YES;
				CLANG_WARN_EMPTY_BODY = YES;
				CLANG_WARN_ENUM_CONVERSION = YES;
				CLANG_WARN_INFINITE_RECURSION = YES;
				CLANG_WARN_INT_CONVERSION = YES;
				CLANG_WARN_OBJC_ROOT_CLASS = YES_ERROR;
				CLANG_WARN_SUSPICIOUS_MOVE = YES;
				CLANG_WARN_UNREACHABLE_CODE = YES;
				CLANG_WARN__DUPLICATE_METHOD_MATCH = YES;
				"CODE_SIGN_IDENTITY[sdk=iphoneos*]" = "iPhone Developer";
				COPY_PHASE_STRIP = NO;
				DEBUG_INFORMATION_FORMAT = dwarf;
				ENABLE_STRICT_OBJC_MSGSEND = YES;
				ENABLE_TESTABILITY = YES;
				GCC_C_LANGUAGE_STANDARD = gnu99;
				GCC_DYNAMIC_NO_PIC = NO;
				GCC_NO_COMMON_BLOCKS = YES;
				GCC_OPTIMIZATION_LEVEL = 0;
				GCC_PREPROCESSOR_DEFINITIONS = (
					"DEBUG=1",
					"$(inherited)",
				);
				GCC_WARN_64_TO_32_BIT_CONVERSION = YES;
				GCC_WARN_ABOUT_RETURN_TYPE = YES_ERROR;
				GCC_WARN_UNDECLARED_SELECTOR = YES;
				GCC_WARN_UNINITIALIZED_AUTOS = YES_AGGRESSIVE;
				GCC_WARN_UNUSED_FUNCTION = YES;
				GCC_WARN_UNUSED_VARIABLE = YES;
				IPHONEOS_DEPLOYMENT_TARGET = 8.0;
				MTL_ENABLE_DEBUG_INFO = YES;
				ONLY_ACTIVE_ARCH = YES;
				SDKROOT = iphoneos;
				SWIFT_ACTIVE_COMPILATION_CONDITIONS = DEBUG;
				SWIFT_OPTIMIZATION_LEVEL = "-Onone";
				TARGETED_DEVICE_FAMILY = "1,2";
			};
			name = Debug;
		};
		FAA76C771EADF5DD00ACD5A1 /* Release */ = {
			isa = XCBuildConfiguration;
			baseConfigurationReference = FAC558801EAF1D4A0045C109 /* CoineyKit.xcconfig */;
			buildSettings = {
				ALWAYS_SEARCH_USER_PATHS = NO;
				CLANG_ANALYZER_NONNULL = YES;
				CLANG_ANALYZER_NUMBER_OBJECT_CONVERSION = YES_AGGRESSIVE;
				CLANG_CXX_LANGUAGE_STANDARD = "gnu++0x";
				CLANG_CXX_LIBRARY = "libc++";
				CLANG_ENABLE_MODULES = YES;
				CLANG_ENABLE_OBJC_ARC = YES;
				CLANG_WARN_BOOL_CONVERSION = YES;
				CLANG_WARN_CONSTANT_CONVERSION = YES;
				CLANG_WARN_DIRECT_OBJC_ISA_USAGE = YES_ERROR;
				CLANG_WARN_DOCUMENTATION_COMMENTS = YES;
				CLANG_WARN_EMPTY_BODY = YES;
				CLANG_WARN_ENUM_CONVERSION = YES;
				CLANG_WARN_INFINITE_RECURSION = YES;
				CLANG_WARN_INT_CONVERSION = YES;
				CLANG_WARN_OBJC_ROOT_CLASS = YES_ERROR;
				CLANG_WARN_SUSPICIOUS_MOVE = YES;
				CLANG_WARN_UNREACHABLE_CODE = YES;
				CLANG_WARN__DUPLICATE_METHOD_MATCH = YES;
				"CODE_SIGN_IDENTITY[sdk=iphoneos*]" = "iPhone Developer";
				COPY_PHASE_STRIP = NO;
				DEBUG_INFORMATION_FORMAT = "dwarf-with-dsym";
				ENABLE_NS_ASSERTIONS = NO;
				ENABLE_STRICT_OBJC_MSGSEND = YES;
				GCC_C_LANGUAGE_STANDARD = gnu99;
				GCC_NO_COMMON_BLOCKS = YES;
				GCC_WARN_64_TO_32_BIT_CONVERSION = YES;
				GCC_WARN_ABOUT_RETURN_TYPE = YES_ERROR;
				GCC_WARN_UNDECLARED_SELECTOR = YES;
				GCC_WARN_UNINITIALIZED_AUTOS = YES_AGGRESSIVE;
				GCC_WARN_UNUSED_FUNCTION = YES;
				GCC_WARN_UNUSED_VARIABLE = YES;
				IPHONEOS_DEPLOYMENT_TARGET = 8.0;
				MTL_ENABLE_DEBUG_INFO = NO;
				SDKROOT = iphoneos;
				SWIFT_OPTIMIZATION_LEVEL = "-Owholemodule";
				TARGETED_DEVICE_FAMILY = "1,2";
				VALIDATE_PRODUCT = YES;
			};
			name = Release;
		};
		FAA76C791EADF5DD00ACD5A1 /* Debug */ = {
			isa = XCBuildConfiguration;
			buildSettings = {
				ASSETCATALOG_COMPILER_APPICON_NAME = AppIcon;
				CLANG_ENABLE_MODULES = YES;
				DEVELOPMENT_TEAM = "";
				FRAMEWORK_SEARCH_PATHS = (
					"$(inherited)",
					"$(PROJECT_DIR)",
					"$(PROJECT_DIR)/../../CoineyKit",
				);
				INFOPLIST_FILE = "Coiney Test/Info.plist";
				LD_RUNPATH_SEARCH_PATHS = "$(inherited) @executable_path/Frameworks";
				PRODUCT_BUNDLE_IDENTIFIER = "com.Coiney.Coiney-Test";
				PRODUCT_NAME = "$(TARGET_NAME)";
				SWIFT_OPTIMIZATION_LEVEL = "-Onone";
				SWIFT_VERSION = 3.0;
				TARGETED_DEVICE_FAMILY = "1,2";
			};
			name = Debug;
		};
		FAA76C7A1EADF5DD00ACD5A1 /* Release */ = {
			isa = XCBuildConfiguration;
			buildSettings = {
				ASSETCATALOG_COMPILER_APPICON_NAME = AppIcon;
				CLANG_ENABLE_MODULES = YES;
				DEVELOPMENT_TEAM = "";
				FRAMEWORK_SEARCH_PATHS = (
					"$(inherited)",
					"$(PROJECT_DIR)",
					"$(PROJECT_DIR)/../../CoineyKit",
				);
				INFOPLIST_FILE = "Coiney Test/Info.plist";
				LD_RUNPATH_SEARCH_PATHS = "$(inherited) @executable_path/Frameworks";
				PRODUCT_BUNDLE_IDENTIFIER = "com.Coiney.Coiney-Test";
				PRODUCT_NAME = "$(TARGET_NAME)";
				SWIFT_VERSION = 3.0;
				TARGETED_DEVICE_FAMILY = "1,2";
			};
			name = Release;
		};
/* End XCBuildConfiguration section */

/* Begin XCConfigurationList section */
		FAA76C611EADF5DD00ACD5A1 /* Build configuration list for PBXProject "Coiney Test" */ = {
			isa = XCConfigurationList;
			buildConfigurations = (
				FAA76C761EADF5DD00ACD5A1 /* Debug */,
				FAA76C771EADF5DD00ACD5A1 /* Release */,
			);
			defaultConfigurationIsVisible = 0;
			defaultConfigurationName = Release;
		};
		FAA76C781EADF5DD00ACD5A1 /* Build configuration list for PBXNativeTarget "Coiney Test" */ = {
			isa = XCConfigurationList;
			buildConfigurations = (
				FAA76C791EADF5DD00ACD5A1 /* Debug */,
				FAA76C7A1EADF5DD00ACD5A1 /* Release */,
			);
			defaultConfigurationIsVisible = 0;
			defaultConfigurationName = Release;
		};
/* End XCConfigurationList section */
	};
	rootObject = FAA76C5E1EADF5DD00ACD5A1 /* Project object */;
}
