// !$*UTF8*$!
{
	archiveVersion = 1;
	classes = {
	};
	objectVersion = 46;
	objects = {

/* Begin PBXBuildFile section */
		DC44047420ABD6FF00BDF4D6 /* libxml2.tbd in Frameworks */ = {isa = PBXBuildFile; fileRef = DC44047320ABD6FF00BDF4D6 /* libxml2.tbd */; };
		FA52A3281EADEBC800BFB90A /* main.m in Sources */ = {isa = PBXBuildFile; fileRef = FA52A3271EADEBC800BFB90A /* main.m */; };
		FA52A32B1EADEBC800BFB90A /* CTAppDelegate.m in Sources */ = {isa = PBXBuildFile; fileRef = FA52A32A1EADEBC800BFB90A /* CTAppDelegate.m */; };
		FA52A3311EADEBC800BFB90A /* Main.storyboard in Resources */ = {isa = PBXBuildFile; fileRef = FA52A32F1EADEBC800BFB90A /* Main.storyboard */; };
		FA52A3331EADEBC800BFB90A /* Assets.xcassets in Resources */ = {isa = PBXBuildFile; fileRef = FA52A3321EADEBC800BFB90A /* Assets.xcassets */; };
		FA52A3361EADEBC800BFB90A /* LaunchScreen.storyboard in Resources */ = {isa = PBXBuildFile; fileRef = FA52A3341EADEBC800BFB90A /* LaunchScreen.storyboard */; };
		FA52A33F1EADED0E00BFB90A /* CTViewController.m in Sources */ = {isa = PBXBuildFile; fileRef = FA52A33E1EADED0E00BFB90A /* CTViewController.m */; };
		FA52A3421EADF0CB00BFB90A /* libstdc++.tbd in Frameworks */ = {isa = PBXBuildFile; fileRef = FA52A3411EADF0CB00BFB90A /* libstdc++.tbd */; };
		FA52A3441EADF0DB00BFB90A /* libsqlite3.tbd in Frameworks */ = {isa = PBXBuildFile; fileRef = FA52A3431EADF0DB00BFB90A /* libsqlite3.tbd */; };
		FAC5587D1EAF17B40045C109 /* CoineyKit.framework in Frameworks */ = {isa = PBXBuildFile; fileRef = FAC5587C1EAF17B40045C109 /* CoineyKit.framework */; };
		FAC5587F1EAF17BB0045C109 /* CoineyKitResources.bundle in Resources */ = {isa = PBXBuildFile; fileRef = FAC5587E1EAF17BB0045C109 /* CoineyKitResources.bundle */; };
/* End PBXBuildFile section */

/* Begin PBXFileReference section */
		DC44047320ABD6FF00BDF4D6 /* libxml2.tbd */ = {isa = PBXFileReference; lastKnownFileType = "sourcecode.text-based-dylib-definition"; name = libxml2.tbd; path = usr/lib/libxml2.tbd; sourceTree = SDKROOT; };
		FA52A3231EADEBC800BFB90A /* Coiney Test (Objective-C).app */ = {isa = PBXFileReference; explicitFileType = wrapper.application; includeInIndex = 0; path = "Coiney Test (Objective-C).app"; sourceTree = BUILT_PRODUCTS_DIR; };
		FA52A3271EADEBC800BFB90A /* main.m */ = {isa = PBXFileReference; lastKnownFileType = sourcecode.c.objc; path = main.m; sourceTree = "<group>"; };
		FA52A3291EADEBC800BFB90A /* CTAppDelegate.h */ = {isa = PBXFileReference; lastKnownFileType = sourcecode.c.h; path = CTAppDelegate.h; sourceTree = "<group>"; };
		FA52A32A1EADEBC800BFB90A /* CTAppDelegate.m */ = {isa = PBXFileReference; lastKnownFileType = sourcecode.c.objc; path = CTAppDelegate.m; sourceTree = "<group>"; };
		FA52A3301EADEBC800BFB90A /* Base */ = {isa = PBXFileReference; lastKnownFileType = file.storyboard; name = Base; path = Base.lproj/Main.storyboard; sourceTree = "<group>"; };
		FA52A3321EADEBC800BFB90A /* Assets.xcassets */ = {isa = PBXFileReference; lastKnownFileType = folder.assetcatalog; path = Assets.xcassets; sourceTree = "<group>"; };
		FA52A3351EADEBC800BFB90A /* Base */ = {isa = PBXFileReference; lastKnownFileType = file.storyboard; name = Base; path = Base.lproj/LaunchScreen.storyboard; sourceTree = "<group>"; };
		FA52A3371EADEBC800BFB90A /* Info.plist */ = {isa = PBXFileReference; lastKnownFileType = text.plist.xml; path = Info.plist; sourceTree = "<group>"; };
		FA52A33D1EADED0E00BFB90A /* CTViewController.h */ = {isa = PBXFileReference; fileEncoding = 4; lastKnownFileType = sourcecode.c.h; path = CTViewController.h; sourceTree = "<group>"; };
		FA52A33E1EADED0E00BFB90A /* CTViewController.m */ = {isa = PBXFileReference; fileEncoding = 4; lastKnownFileType = sourcecode.c.objc; path = CTViewController.m; sourceTree = "<group>"; };
		FA52A3411EADF0CB00BFB90A /* libstdc++.tbd */ = {isa = PBXFileReference; lastKnownFileType = "sourcecode.text-based-dylib-definition"; name = "libstdc++.tbd"; path = "usr/lib/libstdc++.tbd"; sourceTree = SDKROOT; };
		FA52A3431EADF0DB00BFB90A /* libsqlite3.tbd */ = {isa = PBXFileReference; lastKnownFileType = "sourcecode.text-based-dylib-definition"; name = libsqlite3.tbd; path = usr/lib/libsqlite3.tbd; sourceTree = SDKROOT; };
		FAC5587C1EAF17B40045C109 /* CoineyKit.framework */ = {isa = PBXFileReference; lastKnownFileType = wrapper.framework; name = CoineyKit.framework; path = ../../CoineyKit/CoineyKit.framework; sourceTree = "<group>"; };
		FAC5587E1EAF17BB0045C109 /* CoineyKitResources.bundle */ = {isa = PBXFileReference; lastKnownFileType = "wrapper.plug-in"; name = CoineyKitResources.bundle; path = ../../../CoineyKit/CoineyKitResources.bundle; sourceTree = "<group>"; };
		FAC558821EAF1D6C0045C109 /* CoineyKit.xcconfig */ = {isa = PBXFileReference; fileEncoding = 4; lastKnownFileType = text.xcconfig; name = CoineyKit.xcconfig; path = ../../../CoineyKit/CoineyKit.xcconfig; sourceTree = "<group>"; };
/* End PBXFileReference section */

/* Begin PBXFrameworksBuildPhase section */
		FA52A3201EADEBC800BFB90A /* Frameworks */ = {
			isa = PBXFrameworksBuildPhase;
			buildActionMask = 2147483647;
			files = (
				DC44047420ABD6FF00BDF4D6 /* libxml2.tbd in Frameworks */,
				FA52A3441EADF0DB00BFB90A /* libsqlite3.tbd in Frameworks */,
				FA52A3421EADF0CB00BFB90A /* libstdc++.tbd in Frameworks */,
				FAC5587D1EAF17B40045C109 /* CoineyKit.framework in Frameworks */,
			);
			runOnlyForDeploymentPostprocessing = 0;
		};
/* End PBXFrameworksBuildPhase section */

/* Begin PBXGroup section */
		FA52A31A1EADEBC800BFB90A = {
			isa = PBXGroup;
			children = (
				FA52A3251EADEBC800BFB90A /* Coiney Test (Objective-C) */,
				FA52A3241EADEBC800BFB90A /* Products */,
				FA52A3401EADF0CB00BFB90A /* Frameworks */,
			);
			sourceTree = "<group>";
		};
		FA52A3241EADEBC800BFB90A /* Products */ = {
			isa = PBXGroup;
			children = (
				FA52A3231EADEBC800BFB90A /* Coiney Test (Objective-C).app */,
			);
			name = Products;
			sourceTree = "<group>";
		};
		FA52A3251EADEBC800BFB90A /* Coiney Test (Objective-C) */ = {
			isa = PBXGroup;
			children = (
				FA52A3291EADEBC800BFB90A /* CTAppDelegate.h */,
				FA52A32A1EADEBC800BFB90A /* CTAppDelegate.m */,
				FA52A33D1EADED0E00BFB90A /* CTViewController.h */,
				FA52A33E1EADED0E00BFB90A /* CTViewController.m */,
				FA52A3321EADEBC800BFB90A /* Assets.xcassets */,
				FAC5587E1EAF17BB0045C109 /* CoineyKitResources.bundle */,
				FA52A3261EADEBC800BFB90A /* Supporting Files */,
			);
			path = "Coiney Test (Objective-C)";
			sourceTree = "<group>";
		};
		FA52A3261EADEBC800BFB90A /* Supporting Files */ = {
			isa = PBXGroup;
			children = (
				FAC558821EAF1D6C0045C109 /* CoineyKit.xcconfig */,
				FA52A3271EADEBC800BFB90A /* main.m */,
				FA52A32F1EADEBC800BFB90A /* Main.storyboard */,
				FA52A3341EADEBC800BFB90A /* LaunchScreen.storyboard */,
				FA52A3371EADEBC800BFB90A /* Info.plist */,
			);
			name = "Supporting Files";
			sourceTree = "<group>";
		};
		FA52A3401EADF0CB00BFB90A /* Frameworks */ = {
			isa = PBXGroup;
			children = (
				DC44047320ABD6FF00BDF4D6 /* libxml2.tbd */,
				FAC5587C1EAF17B40045C109 /* CoineyKit.framework */,
				FA52A3431EADF0DB00BFB90A /* libsqlite3.tbd */,
				FA52A3411EADF0CB00BFB90A /* libstdc++.tbd */,
			);
			name = Frameworks;
			sourceTree = "<group>";
		};
/* End PBXGroup section */

/* Begin PBXNativeTarget section */
		FA52A3221EADEBC800BFB90A /* Coiney Test (Objective-C) */ = {
			isa = PBXNativeTarget;
			buildConfigurationList = FA52A33A1EADEBC800BFB90A /* Build configuration list for PBXNativeTarget "Coiney Test (Objective-C)" */;
			buildPhases = (
				FA52A31F1EADEBC800BFB90A /* Sources */,
				FA52A3201EADEBC800BFB90A /* Frameworks */,
				FA52A3211EADEBC800BFB90A /* Resources */,
			);
			buildRules = (
			);
			dependencies = (
			);
			name = "Coiney Test (Objective-C)";
			productName = "Coiney Test (Objective-C)";
			productReference = FA52A3231EADEBC800BFB90A /* Coiney Test (Objective-C).app */;
			productType = "com.apple.product-type.application";
		};
/* End PBXNativeTarget section */

/* Begin PBXProject section */
		FA52A31B1EADEBC800BFB90A /* Project object */ = {
			isa = PBXProject;
			attributes = {
				LastUpgradeCheck = 0930;
				ORGANIZATIONNAME = Coiney;
				TargetAttributes = {
					FA52A3221EADEBC800BFB90A = {
						CreatedOnToolsVersion = 8.3.1;
						LastSwiftMigration = 0930;
						ProvisioningStyle = Automatic;
					};
				};
			};
			buildConfigurationList = FA52A31E1EADEBC800BFB90A /* Build configuration list for PBXProject "Coiney Test (Objective-C)" */;
			compatibilityVersion = "Xcode 3.2";
			developmentRegion = English;
			hasScannedForEncodings = 0;
			knownRegions = (
				en,
				Base,
			);
			mainGroup = FA52A31A1EADEBC800BFB90A;
			productRefGroup = FA52A3241EADEBC800BFB90A /* Products */;
			projectDirPath = "";
			projectRoot = "";
			targets = (
				FA52A3221EADEBC800BFB90A /* Coiney Test (Objective-C) */,
			);
		};
/* End PBXProject section */

/* Begin PBXResourcesBuildPhase section */
		FA52A3211EADEBC800BFB90A /* Resources */ = {
			isa = PBXResourcesBuildPhase;
			buildActionMask = 2147483647;
			files = (
				FA52A3361EADEBC800BFB90A /* LaunchScreen.storyboard in Resources */,
				FA52A3331EADEBC800BFB90A /* Assets.xcassets in Resources */,
				FA52A3311EADEBC800BFB90A /* Main.storyboard in Resources */,
				FAC5587F1EAF17BB0045C109 /* CoineyKitResources.bundle in Resources */,
			);
			runOnlyForDeploymentPostprocessing = 0;
		};
/* End PBXResourcesBuildPhase section */

/* Begin PBXSourcesBuildPhase section */
		FA52A31F1EADEBC800BFB90A /* Sources */ = {
			isa = PBXSourcesBuildPhase;
			buildActionMask = 2147483647;
			files = (
				FA52A32B1EADEBC800BFB90A /* CTAppDelegate.m in Sources */,
				FA52A3281EADEBC800BFB90A /* main.m in Sources */,
				FA52A33F1EADED0E00BFB90A /* CTViewController.m in Sources */,
			);
			runOnlyForDeploymentPostprocessing = 0;
		};
/* End PBXSourcesBuildPhase section */

/* Begin PBXVariantGroup section */
		FA52A32F1EADEBC800BFB90A /* Main.storyboard */ = {
			isa = PBXVariantGroup;
			children = (
				FA52A3301EADEBC800BFB90A /* Base */,
			);
			name = Main.storyboard;
			sourceTree = "<group>";
		};
		FA52A3341EADEBC800BFB90A /* LaunchScreen.storyboard */ = {
			isa = PBXVariantGroup;
			children = (
				FA52A3351EADEBC800BFB90A /* Base */,
			);
			name = LaunchScreen.storyboard;
			sourceTree = "<group>";
		};
/* End PBXVariantGroup section */

/* Begin XCBuildConfiguration section */
		FA52A3381EADEBC800BFB90A /* Debug */ = {
			isa = XCBuildConfiguration;
			baseConfigurationReference = FAC558821EAF1D6C0045C109 /* CoineyKit.xcconfig */;
			buildSettings = {
				ALWAYS_SEARCH_USER_PATHS = NO;
				CLANG_ANALYZER_NONNULL = YES;
				CLANG_ANALYZER_NUMBER_OBJECT_CONVERSION = YES_AGGRESSIVE;
				CLANG_CXX_LANGUAGE_STANDARD = "gnu++0x";
				CLANG_CXX_LIBRARY = "libc++";
				CLANG_ENABLE_MODULES = YES;
				CLANG_ENABLE_OBJC_ARC = YES;
				CLANG_WARN_BLOCK_CAPTURE_AUTORELEASING = YES;
				CLANG_WARN_BOOL_CONVERSION = YES;
				CLANG_WARN_COMMA = YES;
				CLANG_WARN_CONSTANT_CONVERSION = YES;
				CLANG_WARN_DEPRECATED_OBJC_IMPLEMENTATIONS = YES;
				CLANG_WARN_DIRECT_OBJC_ISA_USAGE = YES_ERROR;
				CLANG_WARN_EMPTY_BODY = YES;
				CLANG_WARN_ENUM_CONVERSION = YES;
				CLANG_WARN_INFINITE_RECURSION = YES;
				CLANG_WARN_INT_CONVERSION = YES;
				CLANG_WARN_NON_LITERAL_NULL_CONVERSION = YES;
				CLANG_WARN_OBJC_IMPLICIT_RETAIN_SELF = YES;
				CLANG_WARN_OBJC_LITERAL_CONVERSION = YES;
				CLANG_WARN_OBJC_ROOT_CLASS = YES_ERROR;
				CLANG_WARN_RANGE_LOOP_ANALYSIS = YES;
				CLANG_WARN_STRICT_PROTOTYPES = YES;
				CLANG_WARN_SUSPICIOUS_MOVE = YES;
				CLANG_WARN_UNREACHABLE_CODE = YES;
				CLANG_WARN__DUPLICATE_METHOD_MATCH = YES;
				"CODE_SIGN_IDENTITY[sdk=iphoneos*]" = "iPhone Developer";
				COPY_PHASE_STRIP = NO;
				DEBUG_INFORMATION_FORMAT = dwarf;
				ENABLE_STRICT_OBJC_MSGSEND = YES;
				ENABLE_TESTABILITY = YES;
				GCC_C_LANGUAGE_STANDARD = gnu99;
				GCC_DYNAMIC_NO_PIC = NO;
				GCC_NO_COMMON_BLOCKS = YES;
				GCC_OPTIMIZATION_LEVEL = 0;
				GCC_PREPROCESSOR_DEFINITIONS = (
					"DEBUG=1",
					"$(inherited)",
				);
				GCC_WARN_64_TO_32_BIT_CONVERSION = YES;
				GCC_WARN_ABOUT_RETURN_TYPE = YES_ERROR;
				GCC_WARN_UNDECLARED_SELECTOR = YES;
				GCC_WARN_UNINITIALIZED_AUTOS = YES_AGGRESSIVE;
				GCC_WARN_UNUSED_FUNCTION = YES;
				GCC_WARN_UNUSED_VARIABLE = YES;
				IPHONEOS_DEPLOYMENT_TARGET = 9.0;
				MTL_ENABLE_DEBUG_INFO = YES;
				ONLY_ACTIVE_ARCH = YES;
				SDKROOT = iphoneos;
				TARGETED_DEVICE_FAMILY = "1,2";
			};
			name = Debug;
		};
		FA52A3391EADEBC800BFB90A /* Release */ = {
			isa = XCBuildConfiguration;
			baseConfigurationReference = FAC558821EAF1D6C0045C109 /* CoineyKit.xcconfig */;
			buildSettings = {
				ALWAYS_SEARCH_USER_PATHS = NO;
				CLANG_ANALYZER_NONNULL = YES;
				CLANG_ANALYZER_NUMBER_OBJECT_CONVERSION = YES_AGGRESSIVE;
				CLANG_CXX_LANGUAGE_STANDARD = "gnu++0x";
				CLANG_CXX_LIBRARY = "libc++";
				CLANG_ENABLE_MODULES = YES;
				CLANG_ENABLE_OBJC_ARC = YES;
				CLANG_WARN_BLOCK_CAPTURE_AUTORELEASING = YES;
				CLANG_WARN_BOOL_CONVERSION = YES;
				CLANG_WARN_COMMA = YES;
				CLANG_WARN_CONSTANT_CONVERSION = YES;
				CLANG_WARN_DEPRECATED_OBJC_IMPLEMENTATIONS = YES;
				CLANG_WARN_DIRECT_OBJC_ISA_USAGE = YES_ERROR;
				CLANG_WARN_EMPTY_BODY = YES;
				CLANG_WARN_ENUM_CONVERSION = YES;
				CLANG_WARN_INFINITE_RECURSION = YES;
				CLANG_WARN_INT_CONVERSION = YES;
				CLANG_WARN_NON_LITERAL_NULL_CONVERSION = YES;
				CLANG_WARN_OBJC_IMPLICIT_RETAIN_SELF = YES;
				CLANG_WARN_OBJC_LITERAL_CONVERSION = YES;
				CLANG_WARN_OBJC_ROOT_CLASS = YES_ERROR;
				CLANG_WARN_RANGE_LOOP_ANALYSIS = YES;
				CLANG_WARN_STRICT_PROTOTYPES = YES;
				CLANG_WARN_SUSPICIOUS_MOVE = YES;
				CLANG_WARN_UNREACHABLE_CODE = YES;
				CLANG_WARN__DUPLICATE_METHOD_MATCH = YES;
				"CODE_SIGN_IDENTITY[sdk=iphoneos*]" = "iPhone Developer";
				COPY_PHASE_STRIP = NO;
				DEBUG_INFORMATION_FORMAT = "dwarf-with-dsym";
				ENABLE_NS_ASSERTIONS = NO;
				ENABLE_STRICT_OBJC_MSGSEND = YES;
				GCC_C_LANGUAGE_STANDARD = gnu99;
				GCC_NO_COMMON_BLOCKS = YES;
				GCC_WARN_64_TO_32_BIT_CONVERSION = YES;
				GCC_WARN_ABOUT_RETURN_TYPE = YES_ERROR;
				GCC_WARN_UNDECLARED_SELECTOR = YES;
				GCC_WARN_UNINITIALIZED_AUTOS = YES_AGGRESSIVE;
				GCC_WARN_UNUSED_FUNCTION = YES;
				GCC_WARN_UNUSED_VARIABLE = YES;
				IPHONEOS_DEPLOYMENT_TARGET = 9.0;
				MTL_ENABLE_DEBUG_INFO = NO;
				SDKROOT = iphoneos;
				TARGETED_DEVICE_FAMILY = "1,2";
				VALIDATE_PRODUCT = YES;
			};
			name = Release;
		};
		FA52A33B1EADEBC800BFB90A /* Debug */ = {
			isa = XCBuildConfiguration;
			buildSettings = {
				ASSETCATALOG_COMPILER_APPICON_NAME = AppIcon;
				DEVELOPMENT_TEAM = "";
				FRAMEWORK_SEARCH_PATHS = (
					"$(inherited)",
					"$(PROJECT_DIR)",
					"$(PROJECT_DIR)/../../CoineyKit",
				);
				INFOPLIST_FILE = "Coiney Test (Objective-C)/Info.plist";
				LD_RUNPATH_SEARCH_PATHS = "$(inherited) @executable_path/Frameworks";
				PRODUCT_BUNDLE_IDENTIFIER = "com.Coiney.Coiney-Test--Objective-C-";
				PRODUCT_NAME = "$(TARGET_NAME)";
				SWIFT_OPTIMIZATION_LEVEL = "-Onone";
				SWIFT_VERSION = 4.0;
			};
			name = Debug;
		};
		FA52A33C1EADEBC800BFB90A /* Release */ = {
			isa = XCBuildConfiguration;
			buildSettings = {
				ASSETCATALOG_COMPILER_APPICON_NAME = AppIcon;
				DEVELOPMENT_TEAM = "";
				FRAMEWORK_SEARCH_PATHS = (
					"$(inherited)",
					"$(PROJECT_DIR)",
					"$(PROJECT_DIR)/../../CoineyKit",
				);
				INFOPLIST_FILE = "Coiney Test (Objective-C)/Info.plist";
				LD_RUNPATH_SEARCH_PATHS = "$(inherited) @executable_path/Frameworks";
				PRODUCT_BUNDLE_IDENTIFIER = "com.Coiney.Coiney-Test--Objective-C-";
				PRODUCT_NAME = "$(TARGET_NAME)";
				SWIFT_VERSION = 4.0;
			};
			name = Release;
		};
/* End XCBuildConfiguration section */

/* Begin XCConfigurationList section */
		FA52A31E1EADEBC800BFB90A /* Build configuration list for PBXProject "Coiney Test (Objective-C)" */ = {
			isa = XCConfigurationList;
			buildConfigurations = (
				FA52A3381EADEBC800BFB90A /* Debug */,
				FA52A3391EADEBC800BFB90A /* Release */,
			);
			defaultConfigurationIsVisible = 0;
			defaultConfigurationName = Release;
		};
		FA52A33A1EADEBC800BFB90A /* Build configuration list for PBXNativeTarget "Coiney Test (Objective-C)" */ = {
			isa = XCConfigurationList;
			buildConfigurations = (
				FA52A33B1EADEBC800BFB90A /* Debug */,
				FA52A33C1EADEBC800BFB90A /* Release */,
			);
			defaultConfigurationIsVisible = 0;
			defaultConfigurationName = Release;
		};
/* End XCConfigurationList section */
	};
	rootObject = FA52A31B1EADEBC800BFB90A /* Project object */;
}
